
Microsoft Visual Studio Solution File, Format Version 12.00
# Visual Studio Version 17
VisualStudioVersion = 17.5.002.0
MinimumVisualStudioVersion = 10.0.40219.1
Project("{9A19103F-16F7-4668-BE54-9A1E7A4F7556}") = "app", "app.csproj", "{FA0DDABD-CDCD-4F5E-9A8A-95AF79F36BA6}"
EndProject
Global
	GlobalSection(SolutionConfigurationPlatforms) = preSolution
		Debug|Any CPU = Debug|Any CPU
		Release|Any CPU = Release|Any CPU
	EndGlobalSection
	GlobalSection(ProjectConfigurationPlatforms) = postSolution
		{FA0DDABD-CDCD-4F5E-9A8A-95AF79F36BA6}.Debug|Any CPU.ActiveCfg = Debug|Any CPU
		{FA0DDABD-CDCD-4F5E-9A8A-95AF79F36BA6}.Debug|Any CPU.Build.0 = Debug|Any CPU
		{FA0DDABD-CDCD-4F5E-9A8A-95AF79F36BA6}.Release|Any CPU.ActiveCfg = Release|Any CPU
		{FA0DDABD-CDCD-4F5E-9A8A-95AF79F36BA6}.Release|Any CPU.Build.0 = Release|Any CPU
	EndGlobalSection
	GlobalSection(SolutionProperties) = preSolution
		HideSolutionNode = FALSE
	EndGlobalSection
	GlobalSection(ExtensibilityGlobals) = postSolution
		SolutionGuid = {2CA0F558-62E8-419F-AF43-725EAA8B16A9}
	EndGlobalSection
EndGlobal
